lockfileVersion: '6.0'

settings:
  autoInstallPeers: true
  excludeLinksFromLockfile: false

dependencies:
  uWebSockets.js:
    specifier: github:uNetworking/uWebSockets.js#v20.33.0
    version: github.com/uNetworking/uWebSockets.js/c10b47c350cc97c299c6b4a07a98abb628704c71

packages:

  github.com/uNetworking/uWebSockets.js/c10b47c350cc97c299c6b4a07a98abb628704c71:
    resolution: {tarball: https://codeload.github.com/uNetworking/uWebSockets.js/tar.gz/c10b47c350cc97c299c6b4a07a98abb628704c71}
    name: uWebSockets.js
    version: 20.33.0
    dev: false
